
Microsoft Visual Studio Solution File, Format Version 12.00
# Visual Studio Version 17
VisualStudioVersion = 17.4.33213.308
MinimumVisualStudioVersion = 10.0.40219.1
Project("{FAE04EC0-301F-11D3-BF4B-00C04F79EFBC}") = "GridIsland", "GridIsland.csproj", "{8091707F-ABE1-4335-986F-D9C4EC19FC5E}"
EndProject
Global
	GlobalSection(SolutionConfigurationPlatforms) = preSolution
		Debug|Any CPU = Debug|Any CPU
		Release|Any CPU = Release|Any CPU
	EndGlobalSection
	GlobalSection(ProjectConfigurationPlatforms) = postSolution
		{8091707F-ABE1-4335-986F-D9C4EC19FC5E}.Debug|Any CPU.ActiveCfg = Debug|Any CPU
		{8091707F-ABE1-4335-986F-D9C4EC19FC5E}.Debug|Any CPU.Build.0 = Debug|Any CPU
		{8091707F-ABE1-4335-986F-D9C4EC19FC5E}.Release|Any CPU.ActiveCfg = Release|Any CPU
		{8091707F-ABE1-4335-986F-D9C4EC19FC5E}.Release|Any CPU.Build.0 = Release|Any CPU
	EndGlobalSection
	GlobalSection(SolutionProperties) = preSolution
		HideSolutionNode = FALSE
	EndGlobalSection
	GlobalSection(ExtensibilityGlobals) = postSolution
		SolutionGuid = {00DAC8E1-5A26-4947-B063-0D20DA0806E6}
	EndGlobalSection
EndGlobal
